{
  "name": "TiradeTrove",
  "lockfileVersion": 3,
  "requires": true,
  "packages": {
    "": {
      "dependencies": {
        "stopword": "^3.0.1"
      }
    },
    "node_modules/stopword": {
      "version": "3.0.1",
      "resolved": "https://registry.npmjs.org/stopword/-/stopword-3.0.1.tgz",
      "integrity": "sha512-pz2XNVtoApA7eSX1viol5ybGGG2Re2bI7/+8TfeaMb09C9NEWgabr7HHf4DbqgrmEuI62sH2BcAEHVAlreCmrQ==",
      "license": "MIT"
    }
  }
}
