{
  "name": "TiradeTrove",
  "lockfileVersion": 3,
  "requires": true,
  "packages": {
    "": {
      "dependencies": {
        "node-snowball": "^0.7.0"
      }
    },
    "node_modules/nan": {
      "version": "2.20.0",
      "resolved": "https://registry.npmjs.org/nan/-/nan-2.20.0.tgz",
      "integrity": "sha512-bk3gXBZDGILuuo/6sKtr0DQmSThYHLtNCdSdXk9YkxD/jK6X2vmCyyXBBxyqZ4XcnzTyYEAThfX3DCEnLf6igw==",
      "license": "MIT"
    },
    "node_modules/node-snowball": {
      "version": "0.7.0",
      "resolved": "https://registry.npmjs.org/node-snowball/-/node-snowball-0.7.0.tgz",
      "integrity": "sha512-3gHhsQKYL4FOUEWztIiOp2XDIS9zZ3qLWNJj9HvLpbI8/ZZIXMNCNucq+DXDpDUjLXUIZC9GSg24AptI9BzSXg==",
      "hasInstallScript": true,
      "license": "MIT",
      "dependencies": {
        "nan": "^2.14.0"
      }
    }
  }
}
